
Microsoft Visual Studio Solution File, Format Version 12.00
# Visual Studio Version 16
VisualStudioVersion = 16.0.29209.62
MinimumVisualStudioVersion = 10.0.40219.1
Project("{FAE04EC0-301F-11D3-BF4B-00C04F79EFBC}") = "wsMonitorizaInternet", "wsMonitorizaInternet\wsMonitorizaInternet.csproj", "{1CDFB54B-82A8-49F9-BE8C-496C9F9BF038}"
EndProject
Global
	GlobalSection(SolutionConfigurationPlatforms) = preSolution
		Debug|Any CPU = Debug|Any CPU
		Release|Any CPU = Release|Any CPU
	EndGlobalSection
	GlobalSection(ProjectConfigurationPlatforms) = postSolution
		{1CDFB54B-82A8-49F9-BE8C-496C9F9BF038}.Debug|Any CPU.ActiveCfg = Debug|Any CPU
		{1CDFB54B-82A8-49F9-BE8C-496C9F9BF038}.Debug|Any CPU.Build.0 = Debug|Any CPU
		{1CDFB54B-82A8-49F9-BE8C-496C9F9BF038}.Release|Any CPU.ActiveCfg = Release|Any CPU
		{1CDFB54B-82A8-49F9-BE8C-496C9F9BF038}.Release|Any CPU.Build.0 = Release|Any CPU
	EndGlobalSection
	GlobalSection(SolutionProperties) = preSolution
		HideSolutionNode = FALSE
	EndGlobalSection
	GlobalSection(ExtensibilityGlobals) = postSolution
		SolutionGuid = {E432D775-99CF-462E-BAAB-2604875D68F1}
	EndGlobalSection
EndGlobal
